// !$*UTF8*$!
{
	archiveVersion = 1;
	classes = {
	};
	objectVersion = 46;
	objects = {

/* Begin PBXBuildFile section */
		70395B3F222DD68F004D2364 /* libRNSVGKit.a in Frameworks */ = {isa = PBXBuildFile; fileRef = 70395994222DB75D004D2364 /* libRNSVGKit.a */; };
		70395B40222DD95F004D2364 /* libReact.a in Frameworks */ = {isa = PBXBuildFile; fileRef = 703959B8222DBB3B004D2364 /* libReact.a */; };
		70395B46222DD98D004D2364 /* CoreGraphics.framework in Frameworks */ = {isa = PBXBuildFile; fileRef = 70395B45222DD98D004D2364 /* CoreGraphics.framework */; };
		70395B48222DD995004D2364 /* QuartzCore.framework in Frameworks */ = {isa = PBXBuildFile; fileRef = 70395B47222DD995004D2364 /* QuartzCore.framework */; };
		70395B4A222DD9A8004D2364 /* AppKit.framework in Frameworks */ = {isa = PBXBuildFile; fileRef = 70395B49222DD9A8004D2364 /* AppKit.framework */; };
		70395B4C222DD9C7004D2364 /* libxml2.tbd in Frameworks */ = {isa = PBXBuildFile; fileRef = 70395B4B222DD9C7004D2364 /* libxml2.tbd */; };
		70395BA6222DDF3D004D2364 /* CocoaLumberjack.framework in Frameworks */ = {isa = PBXBuildFile; fileRef = 70395B4D222DD9E1004D2364 /* CocoaLumberjack.framework */; };
		70395BA7222DDF3D004D2364 /* CocoaLumberjack.framework in Embed Frameworks */ = {isa = PBXBuildFile; fileRef = 70395B4D222DD9E1004D2364 /* CocoaLumberjack.framework */; settings = {ATTRIBUTES = (CodeSignOnCopy, RemoveHeadersOnCopy, ); }; };
		70395BAD222DDFBF004D2364 /* main.m in Sources */ = {isa = PBXBuildFile; fileRef = 70395BA9222DDFBF004D2364 /* main.m */; };
		70395BAE222DDFBF004D2364 /* Application.m in Sources */ = {isa = PBXBuildFile; fileRef = 70395BAB222DDFBF004D2364 /* Application.m */; };
		70395BAF222DDFBF004D2364 /* Info.plist in Resources */ = {isa = PBXBuildFile; fileRef = 70395BAC222DDFBF004D2364 /* Info.plist */; };
		70395BB4222DE37B004D2364 /* bulma.svg in Resources */ = {isa = PBXBuildFile; fileRef = 70395BB3222DE37A004D2364 /* bulma.svg */; };
		70395BE6222E10FB004D2364 /* libRCTNetwork.a in Frameworks */ = {isa = PBXBuildFile; fileRef = 70395BE3222E10DC004D2364 /* libRCTNetwork.a */; };
		70395BE7222E10FB004D2364 /* libRCTWebSocket.a in Frameworks */ = {isa = PBXBuildFile; fileRef = 70395BD6222E10DC004D2364 /* libRCTWebSocket.a */; };
/* End PBXBuildFile section */

/* Begin PBXContainerItemProxy section */
		70395993222DB75D004D2364 /* PBXContainerItemProxy */ = {
			isa = PBXContainerItemProxy;
			containerPortal = 7039598D222DB75D004D2364 /* RNSVGKit.xcodeproj */;
			proxyType = 2;
			remoteGlobalIDString = 134814201AA4EA6300B7C361;
			remoteInfo = RNSVGKit;
		};
		703959B7222DBB3B004D2364 /* PBXContainerItemProxy */ = {
			isa = PBXContainerItemProxy;
			containerPortal = 703959A4222DBB3B004D2364 /* React.xcodeproj */;
			proxyType = 2;
			remoteGlobalIDString = 83CBBA2E1A601D0E00E9B192;
			remoteInfo = React;
		};
		703959B9222DBB3B004D2364 /* PBXContainerItemProxy */ = {
			isa = PBXContainerItemProxy;
			containerPortal = 703959A4222DBB3B004D2364 /* React.xcodeproj */;
			proxyType = 2;
			remoteGlobalIDString = 2D2A28131D9B038B00D4039D;
			remoteInfo = "React-tvOS";
		};
		703959BB222DBB3B004D2364 /* PBXContainerItemProxy */ = {
			isa = PBXContainerItemProxy;
			containerPortal = 703959A4222DBB3B004D2364 /* React.xcodeproj */;
			proxyType = 2;
			remoteGlobalIDString = 3D3C059A1DE3340900C268FA;
			remoteInfo = yoga;
		};
		703959BD222DBB3B004D2364 /* PBXContainerItemProxy */ = {
			isa = PBXContainerItemProxy;
			containerPortal = 703959A4222DBB3B004D2364 /* React.xcodeproj */;
			proxyType = 2;
			remoteGlobalIDString = 3D3C06751DE3340C00C268FA;
			remoteInfo = "yoga-tvOS";
		};
		703959BF222DBB3B004D2364 /* PBXContainerItemProxy */ = {
			isa = PBXContainerItemProxy;
			containerPortal = 703959A4222DBB3B004D2364 /* React.xcodeproj */;
			proxyType = 2;
			remoteGlobalIDString = 3D3CD9251DE5FBEC00167DC4;
			remoteInfo = cxxreact;
		};
		703959C1222DBB3B004D2364 /* PBXContainerItemProxy */ = {
			isa = PBXContainerItemProxy;
			containerPortal = 703959A4222DBB3B004D2364 /* React.xcodeproj */;
			proxyType = 2;
			remoteGlobalIDString = 3D3CD9321DE5FBEE00167DC4;
			remoteInfo = "cxxreact-tvOS";
		};
		703959C3222DBB3B004D2364 /* PBXContainerItemProxy */ = {
			isa = PBXContainerItemProxy;
			containerPortal = 703959A4222DBB3B004D2364 /* React.xcodeproj */;
			proxyType = 2;
			remoteGlobalIDString = 3D3CD90B1DE5FBD600167DC4;
			remoteInfo = jschelpers;
		};
		703959C5222DBB3B004D2364 /* PBXContainerItemProxy */ = {
			isa = PBXContainerItemProxy;
			containerPortal = 703959A4222DBB3B004D2364 /* React.xcodeproj */;
			proxyType = 2;
			remoteGlobalIDString = 3D3CD9181DE5FBD800167DC4;
			remoteInfo = "jschelpers-tvOS";
		};
		703959C7222DBB3B004D2364 /* PBXContainerItemProxy */ = {
			isa = PBXContainerItemProxy;
			containerPortal = 703959A4222DBB3B004D2364 /* React.xcodeproj */;
			proxyType = 2;
			remoteGlobalIDString = EBF21BDC1FC498900052F4D5;
			remoteInfo = jsinspector;
		};
		703959C9222DBB3B004D2364 /* PBXContainerItemProxy */ = {
			isa = PBXContainerItemProxy;
			containerPortal = 703959A4222DBB3B004D2364 /* React.xcodeproj */;
			proxyType = 2;
			remoteGlobalIDString = EBF21BFA1FC4989A0052F4D5;
			remoteInfo = "jsinspector-tvOS";
		};
		703959CB222DBB3B004D2364 /* PBXContainerItemProxy */ = {
			isa = PBXContainerItemProxy;
			containerPortal = 703959A4222DBB3B004D2364 /* React.xcodeproj */;
			proxyType = 2;
			remoteGlobalIDString = 139D7ECE1E25DB7D00323FB7;
			remoteInfo = "third-party";
		};
		703959CD222DBB3B004D2364 /* PBXContainerItemProxy */ = {
			isa = PBXContainerItemProxy;
			containerPortal = 703959A4222DBB3B004D2364 /* React.xcodeproj */;
			proxyType = 2;
			remoteGlobalIDString = 3D383D3C1EBD27B6005632C8;
			remoteInfo = "third-party-tvOS";
		};
		703959CF222DBB3B004D2364 /* PBXContainerItemProxy */ = {
			isa = PBXContainerItemProxy;
			containerPortal = 703959A4222DBB3B004D2364 /* React.xcodeproj */;
			proxyType = 2;
			remoteGlobalIDString = 139D7E881E25C6D100323FB7;
			remoteInfo = "double-conversion";
		};
		703959D1222DBB3B004D2364 /* PBXContainerItemProxy */ = {
			isa = PBXContainerItemProxy;
			containerPortal = 703959A4222DBB3B004D2364 /* React.xcodeproj */;
			proxyType = 2;
			remoteGlobalIDString = 3D383D621EBD27B9005632C8;
			remoteInfo = "double-conversion-tvOS";
		};
		703959D3222DBB3B004D2364 /* PBXContainerItemProxy */ = {
			isa = PBXContainerItemProxy;
			containerPortal = 703959A4222DBB3B004D2364 /* React.xcodeproj */;
			proxyType = 2;
			remoteGlobalIDString = 9936F3131F5F2E4B0010BF04;
			remoteInfo = privatedata;
		};
		703959D5222DBB3B004D2364 /* PBXContainerItemProxy */ = {
			isa = PBXContainerItemProxy;
			containerPortal = 703959A4222DBB3B004D2364 /* React.xcodeproj */;
			proxyType = 2;
			remoteGlobalIDString = 9936F32F1F5F2E5B0010BF04;
			remoteInfo = "privatedata-tvOS";
		};
		70395B88222DDBA5004D2364 /* PBXContainerItemProxy */ = {
			isa = PBXContainerItemProxy;
			containerPortal = 703959A4222DBB3B004D2364 /* React.xcodeproj */;
			proxyType = 1;
			remoteGlobalIDString = 83CBBA2D1A601D0E00E9B192;
			remoteInfo = React;
		};
		70395BD5222E10DC004D2364 /* PBXContainerItemProxy */ = {
			isa = PBXContainerItemProxy;
			containerPortal = 70395BCE222E10DC004D2364 /* RCTWebSocket.xcodeproj */;
			proxyType = 2;
			remoteGlobalIDString = 3C86DF461ADF2C930047B81A;
			remoteInfo = RCTWebSocket;
		};
		70395BD7222E10DC004D2364 /* PBXContainerItemProxy */ = {
			isa = PBXContainerItemProxy;
			containerPortal = 70395BCE222E10DC004D2364 /* RCTWebSocket.xcodeproj */;
			proxyType = 2;
			remoteGlobalIDString = 2D2A28881D9B049200D4039D;
			remoteInfo = "RCTWebSocket-tvOS";
		};
		70395BD9222E10DC004D2364 /* PBXContainerItemProxy */ = {
			isa = PBXContainerItemProxy;
			containerPortal = 70395BCE222E10DC004D2364 /* RCTWebSocket.xcodeproj */;
			proxyType = 2;
			remoteGlobalIDString = 3DBE0D001F3B181A0099AA32;
			remoteInfo = fishhook;
		};
		70395BDB222E10DC004D2364 /* PBXContainerItemProxy */ = {
			isa = PBXContainerItemProxy;
			containerPortal = 70395BCE222E10DC004D2364 /* RCTWebSocket.xcodeproj */;
			proxyType = 2;
			remoteGlobalIDString = 3DBE0D0D1F3B181C0099AA32;
			remoteInfo = "fishhook-tvOS";
		};
		70395BE2222E10DC004D2364 /* PBXContainerItemProxy */ = {
			isa = PBXContainerItemProxy;
			containerPortal = 70395BDD222E10DC004D2364 /* RCTNetwork.xcodeproj */;
			proxyType = 2;
			remoteGlobalIDString = 58B511DB1A9E6C8500147676;
			remoteInfo = RCTNetwork;
		};
		70395BE4222E10DC004D2364 /* PBXContainerItemProxy */ = {
			isa = PBXContainerItemProxy;
			containerPortal = 70395BDD222E10DC004D2364 /* RCTNetwork.xcodeproj */;
			proxyType = 2;
			remoteGlobalIDString = 2D2A28541D9B044C00D4039D;
			remoteInfo = "RCTNetwork-tvOS";
		};
/* End PBXContainerItemProxy section */

/* Begin PBXCopyFilesBuildPhase section */
		70395BA8222DDF3D004D2364 /* Embed Frameworks */ = {
			isa = PBXCopyFilesBuildPhase;
			buildActionMask = 2147483647;
			dstPath = "";
			dstSubfolderSpec = 10;
			files = (
				70395BA7222DDF3D004D2364 /* CocoaLumberjack.framework in Embed Frameworks */,
			);
			name = "Embed Frameworks";
			runOnlyForDeploymentPostprocessing = 0;
		};
/* End PBXCopyFilesBuildPhase section */

/* Begin PBXFileReference section */
		13B07F961A680F5B00A75B9A /* RNSVGKitExample.app */ = {isa = PBXFileReference; explicitFileType = wrapper.application; includeInIndex = 0; path = RNSVGKitExample.app; sourceTree = BUILT_PRODUCTS_DIR; };
		7039598D222DB75D004D2364 /* RNSVGKit.xcodeproj */ = {isa = PBXFileReference; lastKnownFileType = "wrapper.pb-project"; name = RNSVGKit.xcodeproj; path = ../macos/RNSVGKit.xcodeproj; sourceTree = "<group>"; };
		703959A4222DBB3B004D2364 /* React.xcodeproj */ = {isa = PBXFileReference; lastKnownFileType = "wrapper.pb-project"; name = React.xcodeproj; path = "../node_modules/react-native-macos/React/React.xcodeproj"; sourceTree = "<group>"; };
		70395B45222DD98D004D2364 /* CoreGraphics.framework */ = {isa = PBXFileReference; lastKnownFileType = wrapper.framework; name = CoreGraphics.framework; path = System/Library/Frameworks/CoreGraphics.framework; sourceTree = SDKROOT; };
		70395B47222DD995004D2364 /* QuartzCore.framework */ = {isa = PBXFileReference; lastKnownFileType = wrapper.framework; name = QuartzCore.framework; path = System/Library/Frameworks/QuartzCore.framework; sourceTree = SDKROOT; };
		70395B49222DD9A8004D2364 /* AppKit.framework */ = {isa = PBXFileReference; lastKnownFileType = wrapper.framework; name = AppKit.framework; path = System/Library/Frameworks/AppKit.framework; sourceTree = SDKROOT; };
		70395B4B222DD9C7004D2364 /* libxml2.tbd */ = {isa = PBXFileReference; lastKnownFileType = "sourcecode.text-based-dylib-definition"; name = libxml2.tbd; path = usr/lib/libxml2.tbd; sourceTree = SDKROOT; };
		70395B4D222DD9E1004D2364 /* CocoaLumberjack.framework */ = {isa = PBXFileReference; lastKnownFileType = wrapper.framework; name = CocoaLumberjack.framework; path = "../SVGKit/3rd-party-frameworks/CocoaLumberjack-2.2.0/Mac/CocoaLumberjack.framework"; sourceTree = "<group>"; };
		70395BA9222DDFBF004D2364 /* main.m */ = {isa = PBXFileReference; fileEncoding = 4; lastKnownFileType = sourcecode.c.objc; name = main.m; path = Sources/main.m; sourceTree = "<group>"; };
		70395BAA222DDFBF004D2364 /* Application.h */ = {isa = PBXFileReference; fileEncoding = 4; lastKnownFileType = sourcecode.c.h; name = Application.h; path = Sources/Application.h; sourceTree = "<group>"; };
		70395BAB222DDFBF004D2364 /* Application.m */ = {isa = PBXFileReference; fileEncoding = 4; lastKnownFileType = sourcecode.c.objc; name = Application.m; path = Sources/Application.m; sourceTree = "<group>"; };
		70395BAC222DDFBF004D2364 /* Info.plist */ = {isa = PBXFileReference; fileEncoding = 4; lastKnownFileType = text.plist.xml; name = Info.plist; path = Sources/Info.plist; sourceTree = "<group>"; };
		70395BB3222DE37A004D2364 /* bulma.svg */ = {isa = PBXFileReference; lastKnownFileType = text; name = bulma.svg; path = src/icons/bulma.svg; sourceTree = "<group>"; };
		70395BCE222E10DC004D2364 /* RCTWebSocket.xcodeproj */ = {isa = PBXFileReference; lastKnownFileType = "wrapper.pb-project"; name = RCTWebSocket.xcodeproj; path = ../../macos/Libraries/WebSocket/RCTWebSocket.xcodeproj; sourceTree = "<group>"; };
		70395BDD222E10DC004D2364 /* RCTNetwork.xcodeproj */ = {isa = PBXFileReference; lastKnownFileType = "wrapper.pb-project"; name = RCTNetwork.xcodeproj; path = ../../macos/Libraries/Network/RCTNetwork.xcodeproj; sourceTree = "<group>"; };
/* End PBXFileReference section */

/* Begin PBXFrameworksBuildPhase section */
		13B07F8C1A680F5B00A75B9A /* Frameworks */ = {
			isa = PBXFrameworksBuildPhase;
			buildActionMask = 2147483647;
			files = (
				70395B4C222DD9C7004D2364 /* libxml2.tbd in Frameworks */,
				70395B4A222DD9A8004D2364 /* AppKit.framework in Frameworks */,
				70395BA6222DDF3D004D2364 /* CocoaLumberjack.framework in Frameworks */,
				70395B48222DD995004D2364 /* QuartzCore.framework in Frameworks */,
				70395B46222DD98D004D2364 /* CoreGraphics.framework in Frameworks */,
				70395BE6222E10FB004D2364 /* libRCTNetwork.a in Frameworks */,
				70395BE7222E10FB004D2364 /* libRCTWebSocket.a in Frameworks */,
				70395B40222DD95F004D2364 /* libReact.a in Frameworks */,
				70395B3F222DD68F004D2364 /* libRNSVGKit.a in Frameworks */,
			);
			runOnlyForDeploymentPostprocessing = 0;
		};
/* End PBXFrameworksBuildPhase section */

/* Begin PBXGroup section */
		13B07FAE1A68108700A75B9A /* Sources */ = {
			isa = PBXGroup;
			children = (
				70395BAA222DDFBF004D2364 /* Application.h */,
				70395BAB222DDFBF004D2364 /* Application.m */,
				70395BAC222DDFBF004D2364 /* Info.plist */,
				70395BA9222DDFBF004D2364 /* main.m */,
				70395BB3222DE37A004D2364 /* bulma.svg */,
			);
			name = Sources;
			sourceTree = "<group>";
		};
		7039598E222DB75D004D2364 /* Products */ = {
			isa = PBXGroup;
			children = (
				70395994222DB75D004D2364 /* libRNSVGKit.a */,
			);
			name = Products;
			sourceTree = "<group>";
		};
		703959A5222DBB3B004D2364 /* Products */ = {
			isa = PBXGroup;
			children = (
				703959B8222DBB3B004D2364 /* libReact.a */,
				703959BA222DBB3B004D2364 /* libReact.a */,
				703959BC222DBB3B004D2364 /* libyoga.a */,
				703959BE222DBB3B004D2364 /* libyoga.a */,
				703959C0222DBB3B004D2364 /* libcxxreact.a */,
				703959C2222DBB3B004D2364 /* libcxxreact.a */,
				703959C4222DBB3B004D2364 /* libjschelpers.a */,
				703959C6222DBB3B004D2364 /* libjschelpers.a */,
				703959C8222DBB3B004D2364 /* libjsinspector.a */,
				703959CA222DBB3B004D2364 /* libjsinspector-tvOS.a */,
				703959CC222DBB3B004D2364 /* libthird-party.a */,
				703959CE222DBB3B004D2364 /* libthird-party.a */,
				703959D0222DBB3B004D2364 /* libdouble-conversion.a */,
				703959D2222DBB3B004D2364 /* libdouble-conversion.a */,
				703959D4222DBB3B004D2364 /* libprivatedata.a */,
				703959D6222DBB3B004D2364 /* libprivatedata-tvOS.a */,
			);
			name = Products;
			sourceTree = "<group>";
		};
		703959EC222DBB85004D2364 /* Frameworks */ = {
			isa = PBXGroup;
			children = (
				70395B4D222DD9E1004D2364 /* CocoaLumberjack.framework */,
				70395B4B222DD9C7004D2364 /* libxml2.tbd */,
				70395B49222DD9A8004D2364 /* AppKit.framework */,
				70395B47222DD995004D2364 /* QuartzCore.framework */,
				70395B45222DD98D004D2364 /* CoreGraphics.framework */,
			);
			name = Frameworks;
			sourceTree = "<group>";
		};
		70395BCF222E10DC004D2364 /* Products */ = {
			isa = PBXGroup;
			children = (
				70395BD6222E10DC004D2364 /* libRCTWebSocket.a */,
				70395BD8222E10DC004D2364 /* libRCTWebSocket-tvOS.a */,
				70395BDA222E10DC004D2364 /* libfishhook.a */,
				70395BDC222E10DC004D2364 /* libfishhook-tvOS.a */,
			);
			name = Products;
			sourceTree = "<group>";
		};
		70395BDE222E10DC004D2364 /* Products */ = {
			isa = PBXGroup;
			children = (
				70395BE3222E10DC004D2364 /* libRCTNetwork.a */,
				70395BE5222E10DC004D2364 /* libRCTNetwork-tvOS.a */,
			);
			name = Products;
			sourceTree = "<group>";
		};
		832341AE1AAA6A7D00B99B32 /* Libraries */ = {
			isa = PBXGroup;
			children = (
				7039598D222DB75D004D2364 /* RNSVGKit.xcodeproj */,
				703959A4222DBB3B004D2364 /* React.xcodeproj */,
				70395BDD222E10DC004D2364 /* RCTNetwork.xcodeproj */,
				70395BCE222E10DC004D2364 /* RCTWebSocket.xcodeproj */,
			);
			name = Libraries;
			sourceTree = "<group>";
		};
		83CBB9F61A601CBA00E9B192 = {
			isa = PBXGroup;
			children = (
				13B07FAE1A68108700A75B9A /* Sources */,
				832341AE1AAA6A7D00B99B32 /* Libraries */,
				83CBBA001A601CBA00E9B192 /* Products */,
				703959EC222DBB85004D2364 /* Frameworks */,
			);
			indentWidth = 2;
			sourceTree = "<group>";
			tabWidth = 2;
		};
		83CBBA001A601CBA00E9B192 /* Products */ = {
			isa = PBXGroup;
			children = (
				13B07F961A680F5B00A75B9A /* RNSVGKitExample.app */,
			);
			name = Products;
			sourceTree = "<group>";
		};
/* End PBXGroup section */

/* Begin PBXNativeTarget section */
		13B07F861A680F5B00A75B9A /* RNSVGKitExample */ = {
			isa = PBXNativeTarget;
			buildConfigurationList = 13B07F931A680F5B00A75B9A /* Build configuration list for PBXNativeTarget "RNSVGKitExample" */;
			buildPhases = (
				13B07F871A680F5B00A75B9A /* Sources */,
				13B07F8C1A680F5B00A75B9A /* Frameworks */,
				13B07F8E1A680F5B00A75B9A /* Resources */,
				70395BA8222DDF3D004D2364 /* Embed Frameworks */,
			);
			buildRules = (
			);
			dependencies = (
				70395B89222DDBA5004D2364 /* PBXTargetDependency */,
			);
			name = RNSVGKitExample;
			productName = "Hello World";
			productReference = 13B07F961A680F5B00A75B9A /* RNSVGKitExample.app */;
			productType = "com.apple.product-type.application";
		};
/* End PBXNativeTarget section */

/* Begin PBXProject section */
		83CBB9F71A601CBA00E9B192 /* Project object */ = {
			isa = PBXProject;
			attributes = {
				LastUpgradeCheck = 1010;
				ORGANIZATIONNAME = Facebook;
			};
			buildConfigurationList = 83CBB9FA1A601CBA00E9B192 /* Build configuration list for PBXProject "RNSVGKitExample" */;
			compatibilityVersion = "Xcode 3.2";
			developmentRegion = English;
			hasScannedForEncodings = 0;
			knownRegions = (
				en,
				Base,
			);
			mainGroup = 83CBB9F61A601CBA00E9B192;
			productRefGroup = 83CBBA001A601CBA00E9B192 /* Products */;
			projectDirPath = "";
			projectReferences = (
				{
					ProductGroup = 70395BDE222E10DC004D2364 /* Products */;
					ProjectRef = 70395BDD222E10DC004D2364 /* RCTNetwork.xcodeproj */;
				},
				{
					ProductGroup = 70395BCF222E10DC004D2364 /* Products */;
					ProjectRef = 70395BCE222E10DC004D2364 /* RCTWebSocket.xcodeproj */;
				},
				{
					ProductGroup = 703959A5222DBB3B004D2364 /* Products */;
					ProjectRef = 703959A4222DBB3B004D2364 /* React.xcodeproj */;
				},
				{
					ProductGroup = 7039598E222DB75D004D2364 /* Products */;
					ProjectRef = 7039598D222DB75D004D2364 /* RNSVGKit.xcodeproj */;
				},
			);
			projectRoot = "";
			targets = (
				13B07F861A680F5B00A75B9A /* RNSVGKitExample */,
			);
		};
/* End PBXProject section */

/* Begin PBXReferenceProxy section */
		70395994222DB75D004D2364 /* libRNSVGKit.a */ = {
			isa = PBXReferenceProxy;
			fileType = archive.ar;
			path = libRNSVGKit.a;
			remoteRef = 70395993222DB75D004D2364 /* PBXContainerItemProxy */;
			sourceTree = BUILT_PRODUCTS_DIR;
		};
		703959B8222DBB3B004D2364 /* libReact.a */ = {
			isa = PBXReferenceProxy;
			fileType = archive.ar;
			path = libReact.a;
			remoteRef = 703959B7222DBB3B004D2364 /* PBXContainerItemProxy */;
			sourceTree = BUILT_PRODUCTS_DIR;
		};
		703959BA222DBB3B004D2364 /* libReact.a */ = {
			isa = PBXReferenceProxy;
			fileType = archive.ar;
			path = libReact.a;
			remoteRef = 703959B9222DBB3B004D2364 /* PBXContainerItemProxy */;
			sourceTree = BUILT_PRODUCTS_DIR;
		};
		703959BC222DBB3B004D2364 /* libyoga.a */ = {
			isa = PBXReferenceProxy;
			fileType = archive.ar;
			path = libyoga.a;
			remoteRef = 703959BB222DBB3B004D2364 /* PBXContainerItemProxy */;
			sourceTree = BUILT_PRODUCTS_DIR;
		};
		703959BE222DBB3B004D2364 /* libyoga.a */ = {
			isa = PBXReferenceProxy;
			fileType = archive.ar;
			path = libyoga.a;
			remoteRef = 703959BD222DBB3B004D2364 /* PBXContainerItemProxy */;
			sourceTree = BUILT_PRODUCTS_DIR;
		};
		703959C0222DBB3B004D2364 /* libcxxreact.a */ = {
			isa = PBXReferenceProxy;
			fileType = archive.ar;
			path = libcxxreact.a;
			remoteRef = 703959BF222DBB3B004D2364 /* PBXContainerItemProxy */;
			sourceTree = BUILT_PRODUCTS_DIR;
		};
		703959C2222DBB3B004D2364 /* libcxxreact.a */ = {
			isa = PBXReferenceProxy;
			fileType = archive.ar;
			path = libcxxreact.a;
			remoteRef = 703959C1222DBB3B004D2364 /* PBXContainerItemProxy */;
			sourceTree = BUILT_PRODUCTS_DIR;
		};
		703959C4222DBB3B004D2364 /* libjschelpers.a */ = {
			isa = PBXReferenceProxy;
			fileType = archive.ar;
			path = libjschelpers.a;
			remoteRef = 703959C3222DBB3B004D2364 /* PBXContainerItemProxy */;
			sourceTree = BUILT_PRODUCTS_DIR;
		};
		703959C6222DBB3B004D2364 /* libjschelpers.a */ = {
			isa = PBXReferenceProxy;
			fileType = archive.ar;
			path = libjschelpers.a;
			remoteRef = 703959C5222DBB3B004D2364 /* PBXContainerItemProxy */;
			sourceTree = BUILT_PRODUCTS_DIR;
		};
		703959C8222DBB3B004D2364 /* libjsinspector.a */ = {
			isa = PBXReferenceProxy;
			fileType = archive.ar;
			path = libjsinspector.a;
			remoteRef = 703959C7222DBB3B004D2364 /* PBXContainerItemProxy */;
			sourceTree = BUILT_PRODUCTS_DIR;
		};
		703959CA222DBB3B004D2364 /* libjsinspector-tvOS.a */ = {
			isa = PBXReferenceProxy;
			fileType = archive.ar;
			path = "libjsinspector-tvOS.a";
			remoteRef = 703959C9222DBB3B004D2364 /* PBXContainerItemProxy */;
			sourceTree = BUILT_PRODUCTS_DIR;
		};
		703959CC222DBB3B004D2364 /* libthird-party.a */ = {
			isa = PBXReferenceProxy;
			fileType = archive.ar;
			path = "libthird-party.a";
			remoteRef = 703959CB222DBB3B004D2364 /* PBXContainerItemProxy */;
			sourceTree = BUILT_PRODUCTS_DIR;
		};
		703959CE222DBB3B004D2364 /* libthird-party.a */ = {
			isa = PBXReferenceProxy;
			fileType = archive.ar;
			path = "libthird-party.a";
			remoteRef = 703959CD222DBB3B004D2364 /* PBXContainerItemProxy */;
			sourceTree = BUILT_PRODUCTS_DIR;
		};
		703959D0222DBB3B004D2364 /* libdouble-conversion.a */ = {
			isa = PBXReferenceProxy;
			fileType = archive.ar;
			path = "libdouble-conversion.a";
			remoteRef = 703959CF222DBB3B004D2364 /* PBXContainerItemProxy */;
			sourceTree = BUILT_PRODUCTS_DIR;
		};
		703959D2222DBB3B004D2364 /* libdouble-conversion.a */ = {
			isa = PBXReferenceProxy;
			fileType = archive.ar;
			path = "libdouble-conversion.a";
			remoteRef = 703959D1222DBB3B004D2364 /* PBXContainerItemProxy */;
			sourceTree = BUILT_PRODUCTS_DIR;
		};
		703959D4222DBB3B004D2364 /* libprivatedata.a */ = {
			isa = PBXReferenceProxy;
			fileType = archive.ar;
			path = libprivatedata.a;
			remoteRef = 703959D3222DBB3B004D2364 /* PBXContainerItemProxy */;
			sourceTree = BUILT_PRODUCTS_DIR;
		};
		703959D6222DBB3B004D2364 /* libprivatedata-tvOS.a */ = {
			isa = PBXReferenceProxy;
			fileType = archive.ar;
			path = "libprivatedata-tvOS.a";
			remoteRef = 703959D5222DBB3B004D2364 /* PBXContainerItemProxy */;
			sourceTree = BUILT_PRODUCTS_DIR;
		};
		70395BD6222E10DC004D2364 /* libRCTWebSocket.a */ = {
			isa = PBXReferenceProxy;
			fileType = archive.ar;
			path = libRCTWebSocket.a;
			remoteRef = 70395BD5222E10DC004D2364 /* PBXContainerItemProxy */;
			sourceTree = BUILT_PRODUCTS_DIR;
		};
		70395BD8222E10DC004D2364 /* libRCTWebSocket-tvOS.a */ = {
			isa = PBXReferenceProxy;
			fileType = archive.ar;
			path = "libRCTWebSocket-tvOS.a";
			remoteRef = 70395BD7222E10DC004D2364 /* PBXContainerItemProxy */;
			sourceTree = BUILT_PRODUCTS_DIR;
		};
		70395BDA222E10DC004D2364 /* libfishhook.a */ = {
			isa = PBXReferenceProxy;
			fileType = archive.ar;
			path = libfishhook.a;
			remoteRef = 70395BD9222E10DC004D2364 /* PBXContainerItemProxy */;
			sourceTree = BUILT_PRODUCTS_DIR;
		};
		70395BDC222E10DC004D2364 /* libfishhook-tvOS.a */ = {
			isa = PBXReferenceProxy;
			fileType = archive.ar;
			path = "libfishhook-tvOS.a";
			remoteRef = 70395BDB222E10DC004D2364 /* PBXContainerItemProxy */;
			sourceTree = BUILT_PRODUCTS_DIR;
		};
		70395BE3222E10DC004D2364 /* libRCTNetwork.a */ = {
			isa = PBXReferenceProxy;
			fileType = archive.ar;
			path = libRCTNetwork.a;
			remoteRef = 70395BE2222E10DC004D2364 /* PBXContainerItemProxy */;
			sourceTree = BUILT_PRODUCTS_DIR;
		};
		70395BE5222E10DC004D2364 /* libRCTNetwork-tvOS.a */ = {
			isa = PBXReferenceProxy;
			fileType = archive.ar;
			path = "libRCTNetwork-tvOS.a";
			remoteRef = 70395BE4222E10DC004D2364 /* PBXContainerItemProxy */;
			sourceTree = BUILT_PRODUCTS_DIR;
		};
/* End PBXReferenceProxy section */

/* Begin PBXResourcesBuildPhase section */
		13B07F8E1A680F5B00A75B9A /* Resources */ = {
			isa = PBXResourcesBuildPhase;
			buildActionMask = 2147483647;
			files = (
				70395BB4222DE37B004D2364 /* bulma.svg in Resources */,
				70395BAF222DDFBF004D2364 /* Info.plist in Resources */,
			);
			runOnlyForDeploymentPostprocessing = 0;
		};
/* End PBXResourcesBuildPhase section */

/* Begin PBXSourcesBuildPhase section */
		13B07F871A680F5B00A75B9A /* Sources */ = {
			isa = PBXSourcesBuildPhase;
			buildActionMask = 2147483647;
			files = (
				70395BAE222DDFBF004D2364 /* Application.m in Sources */,
				70395BAD222DDFBF004D2364 /* main.m in Sources */,
			);
			runOnlyForDeploymentPostprocessing = 0;
		};
/* End PBXSourcesBuildPhase section */

/* Begin PBXTargetDependency section */
		70395B89222DDBA5004D2364 /* PBXTargetDependency */ = {
			isa = PBXTargetDependency;
			name = React;
			targetProxy = 70395B88222DDBA5004D2364 /* PBXContainerItemProxy */;
		};
/* End PBXTargetDependency section */

/* Begin XCBuildConfiguration section */
		13B07F941A680F5B00A75B9A /* Debug */ = {
			isa = XCBuildConfiguration;
			buildSettings = {
				CLANG_CXX_LANGUAGE_STANDARD = "c++14";
				FRAMEWORK_SEARCH_PATHS = "$(SRCROOT)/node_modules/react-native-svgkit/SVGKit/**";
				INFOPLIST_FILE = "$(SRCROOT)/Sources/Info.plist";
				LD_RUNPATH_SEARCH_PATHS = "$(inherited) @executable_path/Frameworks @executable_path/../Frameworks";
				PRODUCT_BUNDLE_IDENTIFIER = "org.reactjs.native.example.$(PRODUCT_NAME:rfc1034identifier)";
				PRODUCT_NAME = RNSVGKitExample;
			};
			name = Debug;
		};
		13B07F951A680F5B00A75B9A /* Release */ = {
			isa = XCBuildConfiguration;
			buildSettings = {
				CLANG_CXX_LANGUAGE_STANDARD = "c++14";
				FRAMEWORK_SEARCH_PATHS = "$(SRCROOT)/node_modules/react-native-svgkit/SVGKit/**";
				INFOPLIST_FILE = "$(SRCROOT)/Sources/Info.plist";
				LD_RUNPATH_SEARCH_PATHS = "$(inherited) @executable_path/Frameworks @executable_path/../Frameworks";
				PRODUCT_BUNDLE_IDENTIFIER = "org.reactjs.native.example.$(PRODUCT_NAME:rfc1034identifier)";
				PRODUCT_NAME = RNSVGKitExample;
			};
			name = Release;
		};
		83CBBA201A601CBA00E9B192 /* Debug */ = {
			isa = XCBuildConfiguration;
			buildSettings = {
				ALWAYS_SEARCH_USER_PATHS = NO;
				CLANG_CXX_LANGUAGE_STANDARD = "gnu++0x";
				CLANG_CXX_LIBRARY = "libc++";
				CLANG_ENABLE_MODULES = YES;
				CLANG_ENABLE_OBJC_ARC = YES;
				CLANG_WARN_BLOCK_CAPTURE_AUTORELEASING = YES;
				CLANG_WARN_BOOL_CONVERSION = YES;
				CLANG_WARN_COMMA = YES;
				CLANG_WARN_CONSTANT_CONVERSION = YES;
				CLANG_WARN_DEPRECATED_OBJC_IMPLEMENTATIONS = YES;
				CLANG_WARN_DIRECT_OBJC_ISA_USAGE = YES_ERROR;
				CLANG_WARN_EMPTY_BODY = YES;
				CLANG_WARN_ENUM_CONVERSION = YES;
				CLANG_WARN_INFINITE_RECURSION = YES;
				CLANG_WARN_INT_CONVERSION = YES;
				CLANG_WARN_NON_LITERAL_NULL_CONVERSION = YES;
				CLANG_WARN_OBJC_IMPLICIT_RETAIN_SELF = YES;
				CLANG_WARN_OBJC_LITERAL_CONVERSION = YES;
				CLANG_WARN_OBJC_ROOT_CLASS = YES_ERROR;
				CLANG_WARN_RANGE_LOOP_ANALYSIS = YES;
				CLANG_WARN_STRICT_PROTOTYPES = YES;
				CLANG_WARN_SUSPICIOUS_MOVE = YES;
				CLANG_WARN_UNREACHABLE_CODE = YES;
				CLANG_WARN__DUPLICATE_METHOD_MATCH = YES;
				"CODE_SIGN_IDENTITY[sdk=iphoneos*]" = "iPhone Developer";
				COPY_PHASE_STRIP = NO;
				ENABLE_STRICT_OBJC_MSGSEND = YES;
				ENABLE_TESTABILITY = YES;
				GCC_C_LANGUAGE_STANDARD = gnu99;
				GCC_DYNAMIC_NO_PIC = NO;
				GCC_NO_COMMON_BLOCKS = YES;
				GCC_OPTIMIZATION_LEVEL = 0;
				GCC_PREPROCESSOR_DEFINITIONS = (
					"DEBUG=1",
					"$(inherited)",
				);
				GCC_SYMBOLS_PRIVATE_EXTERN = NO;
				GCC_WARN_64_TO_32_BIT_CONVERSION = YES;
				GCC_WARN_ABOUT_RETURN_TYPE = YES_ERROR;
				GCC_WARN_UNDECLARED_SELECTOR = YES;
				GCC_WARN_UNINITIALIZED_AUTOS = YES_AGGRESSIVE;
				GCC_WARN_UNUSED_FUNCTION = YES;
				GCC_WARN_UNUSED_VARIABLE = YES;
				IPHONEOS_DEPLOYMENT_TARGET = 8.0;
				MTL_ENABLE_DEBUG_INFO = YES;
				ONLY_ACTIVE_ARCH = YES;
				OTHER_LDFLAGS = (
					"-lc++",
					"-ObjC",
				);
				SDKROOT = macosx;
			};
			name = Debug;
		};
		83CBBA211A601CBA00E9B192 /* Release */ = {
			isa = XCBuildConfiguration;
			buildSettings = {
				ALWAYS_SEARCH_USER_PATHS = NO;
				CLANG_CXX_LANGUAGE_STANDARD = "gnu++0x";
				CLANG_CXX_LIBRARY = "libc++";
				CLANG_ENABLE_MODULES = YES;
				CLANG_ENABLE_OBJC_ARC = YES;
				CLANG_WARN_BLOCK_CAPTURE_AUTORELEASING = YES;
				CLANG_WARN_BOOL_CONVERSION = YES;
				CLANG_WARN_COMMA = YES;
				CLANG_WARN_CONSTANT_CONVERSION = YES;
				CLANG_WARN_DEPRECATED_OBJC_IMPLEMENTATIONS = YES;
				CLANG_WARN_DIRECT_OBJC_ISA_USAGE = YES_ERROR;
				CLANG_WARN_EMPTY_BODY = YES;
				CLANG_WARN_ENUM_CONVERSION = YES;
				CLANG_WARN_INFINITE_RECURSION = YES;
				CLANG_WARN_INT_CONVERSION = YES;
				CLANG_WARN_NON_LITERAL_NULL_CONVERSION = YES;
				CLANG_WARN_OBJC_IMPLICIT_RETAIN_SELF = YES;
				CLANG_WARN_OBJC_LITERAL_CONVERSION = YES;
				CLANG_WARN_OBJC_ROOT_CLASS = YES_ERROR;
				CLANG_WARN_RANGE_LOOP_ANALYSIS = YES;
				CLANG_WARN_STRICT_PROTOTYPES = YES;
				CLANG_WARN_SUSPICIOUS_MOVE = YES;
				CLANG_WARN_UNREACHABLE_CODE = YES;
				CLANG_WARN__DUPLICATE_METHOD_MATCH = YES;
				"CODE_SIGN_IDENTITY[sdk=iphoneos*]" = "iPhone Developer";
				COPY_PHASE_STRIP = YES;
				ENABLE_NS_ASSERTIONS = NO;
				ENABLE_STRICT_OBJC_MSGSEND = YES;
				GCC_C_LANGUAGE_STANDARD = gnu99;
				GCC_NO_COMMON_BLOCKS = YES;
				GCC_WARN_64_TO_32_BIT_CONVERSION = YES;
				GCC_WARN_ABOUT_RETURN_TYPE = YES_ERROR;
				GCC_WARN_UNDECLARED_SELECTOR = YES;
				GCC_WARN_UNINITIALIZED_AUTOS = YES_AGGRESSIVE;
				GCC_WARN_UNUSED_FUNCTION = YES;
				GCC_WARN_UNUSED_VARIABLE = YES;
				IPHONEOS_DEPLOYMENT_TARGET = 8.0;
				MTL_ENABLE_DEBUG_INFO = NO;
				OTHER_LDFLAGS = (
					"-lc++",
					"-ObjC",
				);
				SDKROOT = macosx;
				VALIDATE_PRODUCT = YES;
			};
			name = Release;
		};
/* End XCBuildConfiguration section */

/* Begin XCConfigurationList section */
		13B07F931A680F5B00A75B9A /* Build configuration list for PBXNativeTarget "RNSVGKitExample" */ = {
			isa = XCConfigurationList;
			buildConfigurations = (
				13B07F941A680F5B00A75B9A /* Debug */,
				13B07F951A680F5B00A75B9A /* Release */,
			);
			defaultConfigurationIsVisible = 0;
			defaultConfigurationName = Release;
		};
		83CBB9FA1A601CBA00E9B192 /* Build configuration list for PBXProject "RNSVGKitExample" */ = {
			isa = XCConfigurationList;
			buildConfigurations = (
				83CBBA201A601CBA00E9B192 /* Debug */,
				83CBBA211A601CBA00E9B192 /* Release */,
			);
			defaultConfigurationIsVisible = 0;
			defaultConfigurationName = Release;
		};
/* End XCConfigurationList section */
	};
	rootObject = 83CBB9F71A601CBA00E9B192 /* Project object */;
}
